// !$*UTF8*$!
{
	archiveVersion = 1;
	classes = {
	};
	objectVersion = 46;
	objects = {

/* Begin PBXBuildFile section */
		2348C7C71A59EEAE006FFF7F /* DeckTest.swift in Sources */ = {isa = PBXBuildFile; fileRef = 2348C7C61A59EEAE006FFF7F /* DeckTest.swift */; };
		236DB61C1A6407130028CFAD /* MatchisimoViewController.swift in Sources */ = {isa = PBXBuildFile; fileRef = 236DB61B1A6407130028CFAD /* MatchisimoViewController.swift */; };
		236DB61E1A6407E20028CFAD /* SetViewController.swift in Sources */ = {isa = PBXBuildFile; fileRef = 236DB61D1A6407E20028CFAD /* SetViewController.swift */; };
		236DB6201A640A120028CFAD /* MatchisimoHistoryViewController.swift in Sources */ = {isa = PBXBuildFile; fileRef = 236DB61F1A640A120028CFAD /* MatchisimoHistoryViewController.swift */; };
		237F87291A59FA96004E274A /* Card.swift in Sources */ = {isa = PBXBuildFile; fileRef = 23DB14661A59AF730089ECA4 /* Card.swift */; };
		237F872A1A59FAA5004E274A /* Deck.swift in Sources */ = {isa = PBXBuildFile; fileRef = 23DB14681A59B3ED0089ECA4 /* Deck.swift */; };
		237F872B1A59FAB6004E274A /* PlayingCard.swift in Sources */ = {isa = PBXBuildFile; fileRef = 23DB146A1A59B7170089ECA4 /* PlayingCard.swift */; };
		237F872C1A59FAB8004E274A /* PlayingCardDeck.swift in Sources */ = {isa = PBXBuildFile; fileRef = 23DB146C1A59C2B80089ECA4 /* PlayingCardDeck.swift */; };
		237F872E1A59FC2B004E274A /* PlayingCardTest.swift in Sources */ = {isa = PBXBuildFile; fileRef = 237F872D1A59FC2B004E274A /* PlayingCardTest.swift */; };
		237F87301A59FE29004E274A /* PlayingCardDeckTest.swift in Sources */ = {isa = PBXBuildFile; fileRef = 237F872F1A59FE29004E274A /* PlayingCardDeckTest.swift */; };
		238E7F081A59EA7C00D5A8DC /* CardTest.swift in Sources */ = {isa = PBXBuildFile; fileRef = 238E7F071A59EA7C00D5A8DC /* CardTest.swift */; };
		23B3D1361A5AD0700037AFAF /* CardMatchingGame.swift in Sources */ = {isa = PBXBuildFile; fileRef = 23B3D1351A5AD0700037AFAF /* CardMatchingGame.swift */; };
		23B3D1371A5AD0700037AFAF /* CardMatchingGame.swift in Sources */ = {isa = PBXBuildFile; fileRef = 23B3D1351A5AD0700037AFAF /* CardMatchingGame.swift */; };
		23B3D1391A5AD0840037AFAF /* CardMatchingGameTest.swift in Sources */ = {isa = PBXBuildFile; fileRef = 23B3D1381A5AD0840037AFAF /* CardMatchingGameTest.swift */; };
		23B591BB1A5B76080077E38E /* Regex.swift in Sources */ = {isa = PBXBuildFile; fileRef = 23B591BA1A5B76080077E38E /* Regex.swift */; };
		23B591BC1A5B76560077E38E /* Regex.swift in Sources */ = {isa = PBXBuildFile; fileRef = 23B591BA1A5B76080077E38E /* Regex.swift */; };
		23DB14461A59A0DA0089ECA4 /* AppDelegate.swift in Sources */ = {isa = PBXBuildFile; fileRef = 23DB14451A59A0DA0089ECA4 /* AppDelegate.swift */; };
		23DB144B1A59A0DA0089ECA4 /* Main.storyboard in Resources */ = {isa = PBXBuildFile; fileRef = 23DB14491A59A0DA0089ECA4 /* Main.storyboard */; };
		23DB144D1A59A0DA0089ECA4 /* Images.xcassets in Resources */ = {isa = PBXBuildFile; fileRef = 23DB144C1A59A0DA0089ECA4 /* Images.xcassets */; };
		23DB14501A59A0DA0089ECA4 /* LaunchScreen.xib in Resources */ = {isa = PBXBuildFile; fileRef = 23DB144E1A59A0DA0089ECA4 /* LaunchScreen.xib */; };
		23DB14671A59AF730089ECA4 /* Card.swift in Sources */ = {isa = PBXBuildFile; fileRef = 23DB14661A59AF730089ECA4 /* Card.swift */; };
		23DB14691A59B3ED0089ECA4 /* Deck.swift in Sources */ = {isa = PBXBuildFile; fileRef = 23DB14681A59B3ED0089ECA4 /* Deck.swift */; };
		23DB146B1A59B7170089ECA4 /* PlayingCard.swift in Sources */ = {isa = PBXBuildFile; fileRef = 23DB146A1A59B7170089ECA4 /* PlayingCard.swift */; };
		23DB146D1A59C2B80089ECA4 /* PlayingCardDeck.swift in Sources */ = {isa = PBXBuildFile; fileRef = 23DB146C1A59C2B80089ECA4 /* PlayingCardDeck.swift */; };
/* End PBXBuildFile section */

/* Begin PBXContainerItemProxy section */
		23DB14561A59A0DA0089ECA4 /* PBXContainerItemProxy */ = {
			isa = PBXContainerItemProxy;
			containerPortal = 23DB14381A59A0DA0089ECA4 /* Project object */;
			proxyType = 1;
			remoteGlobalIDString = 23DB143F1A59A0DA0089ECA4;
			remoteInfo = Matchismo;
		};
/* End PBXContainerItemProxy section */

/* Begin PBXFileReference section */
		2348C7C61A59EEAE006FFF7F /* DeckTest.swift */ = {isa = PBXFileReference; fileEncoding = 4; lastKnownFileType = sourcecode.swift; name = DeckTest.swift; path = Unit/DeckTest.swift; sourceTree = "<group>"; };
		236DB61B1A6407130028CFAD /* MatchisimoViewController.swift */ = {isa = PBXFileReference; fileEncoding = 4; lastKnownFileType = sourcecode.swift; path = MatchisimoViewController.swift; sourceTree = "<group>"; };
		236DB61D1A6407E20028CFAD /* SetViewController.swift */ = {isa = PBXFileReference; fileEncoding = 4; lastKnownFileType = sourcecode.swift; path = SetViewController.swift; sourceTree = "<group>"; };
		236DB61F1A640A120028CFAD /* MatchisimoHistoryViewController.swift */ = {isa = PBXFileReference; fileEncoding = 4; lastKnownFileType = sourcecode.swift; path = MatchisimoHistoryViewController.swift; sourceTree = "<group>"; };
		237F872D1A59FC2B004E274A /* PlayingCardTest.swift */ = {isa = PBXFileReference; fileEncoding = 4; lastKnownFileType = sourcecode.swift; name = PlayingCardTest.swift; path = Unit/PlayingCardTest.swift; sourceTree = "<group>"; };
		237F872F1A59FE29004E274A /* PlayingCardDeckTest.swift */ = {isa = PBXFileReference; fileEncoding = 4; lastKnownFileType = sourcecode.swift; name = PlayingCardDeckTest.swift; path = Unit/PlayingCardDeckTest.swift; sourceTree = "<group>"; };
		238E7F071A59EA7C00D5A8DC /* CardTest.swift */ = {isa = PBXFileReference; fileEncoding = 4; lastKnownFileType = sourcecode.swift; name = CardTest.swift; path = Unit/CardTest.swift; sourceTree = "<group>"; };
		23B3D1351A5AD0700037AFAF /* CardMatchingGame.swift */ = {isa = PBXFileReference; fileEncoding = 4; lastKnownFileType = sourcecode.swift; path = CardMatchingGame.swift; sourceTree = "<group>"; };
		23B3D1381A5AD0840037AFAF /* CardMatchingGameTest.swift */ = {isa = PBXFileReference; fileEncoding = 4; lastKnownFileType = sourcecode.swift; name = CardMatchingGameTest.swift; path = Unit/CardMatchingGameTest.swift; sourceTree = "<group>"; };
		23B591BA1A5B76080077E38E /* Regex.swift */ = {isa = PBXFileReference; fileEncoding = 4; lastKnownFileType = sourcecode.swift; name = Regex.swift; path = Lib/Regex.swift; sourceTree = "<group>"; };
		23DB14401A59A0DA0089ECA4 /* Matchismo.app */ = {isa = PBXFileReference; explicitFileType = wrapper.application; includeInIndex = 0; path = Matchismo.app; sourceTree = BUILT_PRODUCTS_DIR; };
		23DB14441A59A0DA0089ECA4 /* Info.plist */ = {isa = PBXFileReference; lastKnownFileType = text.plist.xml; path = Info.plist; sourceTree = "<group>"; };
		23DB14451A59A0DA0089ECA4 /* AppDelegate.swift */ = {isa = PBXFileReference; lastKnownFileType = sourcecode.swift; path = AppDelegate.swift; sourceTree = "<group>"; };
		23DB144A1A59A0DA0089ECA4 /* Base */ = {isa = PBXFileReference; lastKnownFileType = file.storyboard; name = Base; path = Base.lproj/Main.storyboard; sourceTree = "<group>"; };
		23DB144C1A59A0DA0089ECA4 /* Images.xcassets */ = {isa = PBXFileReference; lastKnownFileType = folder.assetcatalog; path = Images.xcassets; sourceTree = "<group>"; };
		23DB144F1A59A0DA0089ECA4 /* Base */ = {isa = PBXFileReference; lastKnownFileType = file.xib; name = Base; path = Base.lproj/LaunchScreen.xib; sourceTree = "<group>"; };
		23DB14551A59A0DA0089ECA4 /* MatchismoTests.xctest */ = {isa = PBXFileReference; explicitFileType = wrapper.cfbundle; includeInIndex = 0; path = MatchismoTests.xctest; sourceTree = BUILT_PRODUCTS_DIR; };
		23DB145A1A59A0DA0089ECA4 /* Info.plist */ = {isa = PBXFileReference; lastKnownFileType = text.plist.xml; path = Info.plist; sourceTree = "<group>"; };
		23DB14661A59AF730089ECA4 /* Card.swift */ = {isa = PBXFileReference; fileEncoding = 4; lastKnownFileType = sourcecode.swift; path = Card.swift; sourceTree = "<group>"; };
		23DB14681A59B3ED0089ECA4 /* Deck.swift */ = {isa = PBXFileReference; fileEncoding = 4; lastKnownFileType = sourcecode.swift; path = Deck.swift; sourceTree = "<group>"; };
		23DB146A1A59B7170089ECA4 /* PlayingCard.swift */ = {isa = PBXFileReference; fileEncoding = 4; lastKnownFileType = sourcecode.swift; path = PlayingCard.swift; sourceTree = "<group>"; };
		23DB146C1A59C2B80089ECA4 /* PlayingCardDeck.swift */ = {isa = PBXFileReference; fileEncoding = 4; lastKnownFileType = sourcecode.swift; path = PlayingCardDeck.swift; sourceTree = "<group>"; };
/* End PBXFileReference section */

/* Begin PBXFrameworksBuildPhase section */
		23DB143D1A59A0DA0089ECA4 /* Frameworks */ = {
			isa = PBXFrameworksBuildPhase;
			buildActionMask = 2147483647;
			files = (
			);
			runOnlyForDeploymentPostprocessing = 0;
		};
		23DB14521A59A0DA0089ECA4 /* Frameworks */ = {
			isa = PBXFrameworksBuildPhase;
			buildActionMask = 2147483647;
			files = (
			);
			runOnlyForDeploymentPostprocessing = 0;
		};
/* End PBXFrameworksBuildPhase section */

/* Begin PBXGroup section */
		238E7F091A59EA8400D5A8DC /* Unit */ = {
			isa = PBXGroup;
			children = (
				238E7F071A59EA7C00D5A8DC /* CardTest.swift */,
				2348C7C61A59EEAE006FFF7F /* DeckTest.swift */,
				237F872D1A59FC2B004E274A /* PlayingCardTest.swift */,
				237F872F1A59FE29004E274A /* PlayingCardDeckTest.swift */,
				23B3D1381A5AD0840037AFAF /* CardMatchingGameTest.swift */,
			);
			name = Unit;
			sourceTree = "<group>";
		};
		23B591B91A5B75F40077E38E /* Lib */ = {
			isa = PBXGroup;
			children = (
				23B591BA1A5B76080077E38E /* Regex.swift */,
			);
			name = Lib;
			sourceTree = "<group>";
		};
		23DB14371A59A0DA0089ECA4 = {
			isa = PBXGroup;
			children = (
				23DB14421A59A0DA0089ECA4 /* Matchismo */,
				23DB14581A59A0DA0089ECA4 /* MatchismoTests */,
				23DB14411A59A0DA0089ECA4 /* Products */,
				679805F4B639302ACE2428CA /* Frameworks */,
			);
			sourceTree = "<group>";
		};
		23DB14411A59A0DA0089ECA4 /* Products */ = {
			isa = PBXGroup;
			children = (
				23DB14401A59A0DA0089ECA4 /* Matchismo.app */,
				23DB14551A59A0DA0089ECA4 /* MatchismoTests.xctest */,
			);
			name = Products;
			sourceTree = "<group>";
		};
		23DB14421A59A0DA0089ECA4 /* Matchismo */ = {
			isa = PBXGroup;
			children = (
				23B591B91A5B75F40077E38E /* Lib */,
				23DB14451A59A0DA0089ECA4 /* AppDelegate.swift */,
				23DB14651A59AF330089ECA4 /* Models */,
				236DB61B1A6407130028CFAD /* MatchisimoViewController.swift */,
				236DB61F1A640A120028CFAD /* MatchisimoHistoryViewController.swift */,
				236DB61D1A6407E20028CFAD /* SetViewController.swift */,
				23DB14491A59A0DA0089ECA4 /* Main.storyboard */,
				23DB144C1A59A0DA0089ECA4 /* Images.xcassets */,
				23DB144E1A59A0DA0089ECA4 /* LaunchScreen.xib */,
				23DB14431A59A0DA0089ECA4 /* Supporting Files */,
			);
			path = Matchismo;
			sourceTree = "<group>";
		};
		23DB14431A59A0DA0089ECA4 /* Supporting Files */ = {
			isa = PBXGroup;
			children = (
				23DB14441A59A0DA0089ECA4 /* Info.plist */,
			);
			name = "Supporting Files";
			sourceTree = "<group>";
		};
		23DB14581A59A0DA0089ECA4 /* MatchismoTests */ = {
			isa = PBXGroup;
			children = (
				238E7F091A59EA8400D5A8DC /* Unit */,
				23DB14591A59A0DA0089ECA4 /* Supporting Files */,
			);
			path = MatchismoTests;
			sourceTree = "<group>";
		};
		23DB14591A59A0DA0089ECA4 /* Supporting Files */ = {
			isa = PBXGroup;
			children = (
				23DB145A1A59A0DA0089ECA4 /* Info.plist */,
			);
			name = "Supporting Files";
			sourceTree = "<group>";
		};
		23DB14651A59AF330089ECA4 /* Models */ = {
			isa = PBXGroup;
			children = (
				23DB14661A59AF730089ECA4 /* Card.swift */,
				23DB14681A59B3ED0089ECA4 /* Deck.swift */,
				23DB146A1A59B7170089ECA4 /* PlayingCard.swift */,
				23DB146C1A59C2B80089ECA4 /* PlayingCardDeck.swift */,
				23B3D1351A5AD0700037AFAF /* CardMatchingGame.swift */,
			);
			path = Models;
			sourceTree = "<group>";
		};
		679805F4B639302ACE2428CA /* Frameworks */ = {
			isa = PBXGroup;
			children = (
			);
			name = Frameworks;
			sourceTree = "<group>";
		};
/* End PBXGroup section */

/* Begin PBXNativeTarget section */
		23DB143F1A59A0DA0089ECA4 /* Matchismo */ = {
			isa = PBXNativeTarget;
			buildConfigurationList = 23DB145F1A59A0DA0089ECA4 /* Build configuration list for PBXNativeTarget "Matchismo" */;
			buildPhases = (
				23DB143C1A59A0DA0089ECA4 /* Sources */,
				23DB143D1A59A0DA0089ECA4 /* Frameworks */,
				23DB143E1A59A0DA0089ECA4 /* Resources */,
			);
			buildRules = (
			);
			dependencies = (
			);
			name = Matchismo;
			productName = Matchismo;
			productReference = 23DB14401A59A0DA0089ECA4 /* Matchismo.app */;
			productType = "com.apple.product-type.application";
		};
		23DB14541A59A0DA0089ECA4 /* MatchismoTests */ = {
			isa = PBXNativeTarget;
			buildConfigurationList = 23DB14621A59A0DA0089ECA4 /* Build configuration list for PBXNativeTarget "MatchismoTests" */;
			buildPhases = (
				23DB14511A59A0DA0089ECA4 /* Sources */,
				23DB14521A59A0DA0089ECA4 /* Frameworks */,
				23DB14531A59A0DA0089ECA4 /* Resources */,
			);
			buildRules = (
			);
			dependencies = (
				23DB14571A59A0DA0089ECA4 /* PBXTargetDependency */,
			);
			name = MatchismoTests;
			productName = MatchismoTests;
			productReference = 23DB14551A59A0DA0089ECA4 /* MatchismoTests.xctest */;
			productType = "com.apple.product-type.bundle.unit-test";
		};
/* End PBXNativeTarget section */

/* Begin PBXProject section */
		23DB14381A59A0DA0089ECA4 /* Project object */ = {
			isa = PBXProject;
			attributes = {
				LastUpgradeCheck = 0610;
				ORGANIZATIONNAME = "Jake Craige";
				TargetAttributes = {
					23DB143F1A59A0DA0089ECA4 = {
						CreatedOnToolsVersion = 6.1.1;
					};
					23DB14541A59A0DA0089ECA4 = {
						CreatedOnToolsVersion = 6.1.1;
						TestTargetID = 23DB143F1A59A0DA0089ECA4;
					};
				};
			};
			buildConfigurationList = 23DB143B1A59A0DA0089ECA4 /* Build configuration list for PBXProject "Matchismo" */;
			compatibilityVersion = "Xcode 3.2";
			developmentRegion = English;
			hasScannedForEncodings = 0;
			knownRegions = (
				en,
				Base,
			);
			mainGroup = 23DB14371A59A0DA0089ECA4;
			productRefGroup = 23DB14411A59A0DA0089ECA4 /* Products */;
			projectDirPath = "";
			projectRoot = "";
			targets = (
				23DB143F1A59A0DA0089ECA4 /* Matchismo */,
				23DB14541A59A0DA0089ECA4 /* MatchismoTests */,
			);
		};
/* End PBXProject section */

/* Begin PBXResourcesBuildPhase section */
		23DB143E1A59A0DA0089ECA4 /* Resources */ = {
			isa = PBXResourcesBuildPhase;
			buildActionMask = 2147483647;
			files = (
				23DB144B1A59A0DA0089ECA4 /* Main.storyboard in Resources */,
				23DB14501A59A0DA0089ECA4 /* LaunchScreen.xib in Resources */,
				23DB144D1A59A0DA0089ECA4 /* Images.xcassets in Resources */,
			);
			runOnlyForDeploymentPostprocessing = 0;
		};
		23DB14531A59A0DA0089ECA4 /* Resources */ = {
			isa = PBXResourcesBuildPhase;
			buildActionMask = 2147483647;
			files = (
			);
			runOnlyForDeploymentPostprocessing = 0;
		};
/* End PBXResourcesBuildPhase section */

/* Begin PBXSourcesBuildPhase section */
		23DB143C1A59A0DA0089ECA4 /* Sources */ = {
			isa = PBXSourcesBuildPhase;
			buildActionMask = 2147483647;
			files = (
				23DB146B1A59B7170089ECA4 /* PlayingCard.swift in Sources */,
				236DB61E1A6407E20028CFAD /* SetViewController.swift in Sources */,
				23B591BB1A5B76080077E38E /* Regex.swift in Sources */,
				236DB61C1A6407130028CFAD /* MatchisimoViewController.swift in Sources */,
				23DB14691A59B3ED0089ECA4 /* Deck.swift in Sources */,
				23B3D1361A5AD0700037AFAF /* CardMatchingGame.swift in Sources */,
				23DB146D1A59C2B80089ECA4 /* PlayingCardDeck.swift in Sources */,
				236DB6201A640A120028CFAD /* MatchisimoHistoryViewController.swift in Sources */,
				23DB14671A59AF730089ECA4 /* Card.swift in Sources */,
				23DB14461A59A0DA0089ECA4 /* AppDelegate.swift in Sources */,
			);
			runOnlyForDeploymentPostprocessing = 0;
		};
		23DB14511A59A0DA0089ECA4 /* Sources */ = {
			isa = PBXSourcesBuildPhase;
			buildActionMask = 2147483647;
			files = (
				23B3D1371A5AD0700037AFAF /* CardMatchingGame.swift in Sources */,
				237F872B1A59FAB6004E274A /* PlayingCard.swift in Sources */,
				237F87301A59FE29004E274A /* PlayingCardDeckTest.swift in Sources */,
				237F872A1A59FAA5004E274A /* Deck.swift in Sources */,
				2348C7C71A59EEAE006FFF7F /* DeckTest.swift in Sources */,
				237F872C1A59FAB8004E274A /* PlayingCardDeck.swift in Sources */,
				237F872E1A59FC2B004E274A /* PlayingCardTest.swift in Sources */,
				237F87291A59FA96004E274A /* Card.swift in Sources */,
				23B3D1391A5AD0840037AFAF /* CardMatchingGameTest.swift in Sources */,
				238E7F081A59EA7C00D5A8DC /* CardTest.swift in Sources */,
				23B591BC1A5B76560077E38E /* Regex.swift in Sources */,
			);
			runOnlyForDeploymentPostprocessing = 0;
		};
/* End PBXSourcesBuildPhase section */

/* Begin PBXTargetDependency section */
		23DB14571A59A0DA0089ECA4 /* PBXTargetDependency */ = {
			isa = PBXTargetDependency;
			target = 23DB143F1A59A0DA0089ECA4 /* Matchismo */;
			targetProxy = 23DB14561A59A0DA0089ECA4 /* PBXContainerItemProxy */;
		};
/* End PBXTargetDependency section */

/* Begin PBXVariantGroup section */
		23DB14491A59A0DA0089ECA4 /* Main.storyboard */ = {
			isa = PBXVariantGroup;
			children = (
				23DB144A1A59A0DA0089ECA4 /* Base */,
			);
			name = Main.storyboard;
			sourceTree = "<group>";
		};
		23DB144E1A59A0DA0089ECA4 /* LaunchScreen.xib */ = {
			isa = PBXVariantGroup;
			children = (
				23DB144F1A59A0DA0089ECA4 /* Base */,
			);
			name = LaunchScreen.xib;
			sourceTree = "<group>";
		};
/* End PBXVariantGroup section */

/* Begin XCBuildConfiguration section */
		23DB145D1A59A0DA0089ECA4 /* Debug */ = {
			isa = XCBuildConfiguration;
			buildSettings = {
				ALWAYS_SEARCH_USER_PATHS = NO;
				CLANG_CXX_LANGUAGE_STANDARD = "gnu++0x";
				CLANG_CXX_LIBRARY = "libc++";
				CLANG_ENABLE_MODULES = YES;
				CLANG_ENABLE_OBJC_ARC = YES;
				CLANG_WARN_BOOL_CONVERSION = YES;
				CLANG_WARN_CONSTANT_CONVERSION = YES;
				CLANG_WARN_DIRECT_OBJC_ISA_USAGE = YES_ERROR;
				CLANG_WARN_EMPTY_BODY = YES;
				CLANG_WARN_ENUM_CONVERSION = YES;
				CLANG_WARN_INT_CONVERSION = YES;
				CLANG_WARN_OBJC_ROOT_CLASS = YES_ERROR;
				CLANG_WARN_UNREACHABLE_CODE = YES;
				CLANG_WARN__DUPLICATE_METHOD_MATCH = YES;
				"CODE_SIGN_IDENTITY[sdk=iphoneos*]" = "iPhone Developer";
				COPY_PHASE_STRIP = NO;
				ENABLE_STRICT_OBJC_MSGSEND = YES;
				GCC_C_LANGUAGE_STANDARD = gnu99;
				GCC_DYNAMIC_NO_PIC = NO;
				GCC_OPTIMIZATION_LEVEL = 0;
				GCC_PREPROCESSOR_DEFINITIONS = (
					"DEBUG=1",
					"$(inherited)",
				);
				GCC_SYMBOLS_PRIVATE_EXTERN = NO;
				GCC_WARN_64_TO_32_BIT_CONVERSION = YES;
				GCC_WARN_ABOUT_RETURN_TYPE = YES_ERROR;
				GCC_WARN_UNDECLARED_SELECTOR = YES;
				GCC_WARN_UNINITIALIZED_AUTOS = YES_AGGRESSIVE;
				GCC_WARN_UNUSED_FUNCTION = YES;
				GCC_WARN_UNUSED_VARIABLE = YES;
				IPHONEOS_DEPLOYMENT_TARGET = 8.1;
				MTL_ENABLE_DEBUG_INFO = YES;
				ONLY_ACTIVE_ARCH = YES;
				SDKROOT = iphoneos;
				SWIFT_OPTIMIZATION_LEVEL = "-Onone";
			};
			name = Debug;
		};
		23DB145E1A59A0DA0089ECA4 /* Release */ = {
			isa = XCBuildConfiguration;
			buildSettings = {
				ALWAYS_SEARCH_USER_PATHS = NO;
				CLANG_CXX_LANGUAGE_STANDARD = "gnu++0x";
				CLANG_CXX_LIBRARY = "libc++";
				CLANG_ENABLE_MODULES = YES;
				CLANG_ENABLE_OBJC_ARC = YES;
				CLANG_WARN_BOOL_CONVERSION = YES;
				CLANG_WARN_CONSTANT_CONVERSION = YES;
				CLANG_WARN_DIRECT_OBJC_ISA_USAGE = YES_ERROR;
				CLANG_WARN_EMPTY_BODY = YES;
				CLANG_WARN_ENUM_CONVERSION = YES;
				CLANG_WARN_INT_CONVERSION = YES;
				CLANG_WARN_OBJC_ROOT_CLASS = YES_ERROR;
				CLANG_WARN_UNREACHABLE_CODE = YES;
				CLANG_WARN__DUPLICATE_METHOD_MATCH = YES;
				"CODE_SIGN_IDENTITY[sdk=iphoneos*]" = "iPhone Developer";
				COPY_PHASE_STRIP = YES;
				ENABLE_NS_ASSERTIONS = NO;
				ENABLE_STRICT_OBJC_MSGSEND = YES;
				GCC_C_LANGUAGE_STANDARD = gnu99;
				GCC_WARN_64_TO_32_BIT_CONVERSION = YES;
				GCC_WARN_ABOUT_RETURN_TYPE = YES_ERROR;
				GCC_WARN_UNDECLARED_SELECTOR = YES;
				GCC_WARN_UNINITIALIZED_AUTOS = YES_AGGRESSIVE;
				GCC_WARN_UNUSED_FUNCTION = YES;
				GCC_WARN_UNUSED_VARIABLE = YES;
				IPHONEOS_DEPLOYMENT_TARGET = 8.1;
				MTL_ENABLE_DEBUG_INFO = NO;
				SDKROOT = iphoneos;
				VALIDATE_PRODUCT = YES;
			};
			name = Release;
		};
		23DB14601A59A0DA0089ECA4 /* Debug */ = {
			isa = XCBuildConfiguration;
			buildSettings = {
				ASSETCATALOG_COMPILER_APPICON_NAME = AppIcon;
				INFOPLIST_FILE = Matchismo/Info.plist;
				LD_RUNPATH_SEARCH_PATHS = "$(inherited) @executable_path/Frameworks";
				PRODUCT_NAME = "$(TARGET_NAME)";
			};
			name = Debug;
		};
		23DB14611A59A0DA0089ECA4 /* Release */ = {
			isa = XCBuildConfiguration;
			buildSettings = {
				ASSETCATALOG_COMPILER_APPICON_NAME = AppIcon;
				INFOPLIST_FILE = Matchismo/Info.plist;
				LD_RUNPATH_SEARCH_PATHS = "$(inherited) @executable_path/Frameworks";
				PRODUCT_NAME = "$(TARGET_NAME)";
			};
			name = Release;
		};
		23DB14631A59A0DA0089ECA4 /* Debug */ = {
			isa = XCBuildConfiguration;
			buildSettings = {
				BUNDLE_LOADER = "$(TEST_HOST)";
				FRAMEWORK_SEARCH_PATHS = (
					"$(SDKROOT)/Developer/Library/Frameworks",
					"$(inherited)",
				);
				GCC_PREPROCESSOR_DEFINITIONS = (
					"DEBUG=1",
					"$(inherited)",
				);
				INFOPLIST_FILE = MatchismoTests/Info.plist;
				LD_RUNPATH_SEARCH_PATHS = "$(inherited) @executable_path/Frameworks @loader_path/Frameworks";
				PRODUCT_NAME = "$(TARGET_NAME)";
				TEST_HOST = "$(BUILT_PRODUCTS_DIR)/Matchismo.app/Matchismo";
			};
			name = Debug;
		};
		23DB14641A59A0DA0089ECA4 /* Release */ = {
			isa = XCBuildConfiguration;
			buildSettings = {
				BUNDLE_LOADER = "$(TEST_HOST)";
				FRAMEWORK_SEARCH_PATHS = (
					"$(SDKROOT)/Developer/Library/Frameworks",
					"$(inherited)",
				);
				INFOPLIST_FILE = MatchismoTests/Info.plist;
				LD_RUNPATH_SEARCH_PATHS = "$(inherited) @executable_path/Frameworks @loader_path/Frameworks";
				PRODUCT_NAME = "$(TARGET_NAME)";
				TEST_HOST = "$(BUILT_PRODUCTS_DIR)/Matchismo.app/Matchismo";
			};
			name = Release;
		};
/* End XCBuildConfiguration section */

/* Begin XCConfigurationList section */
		23DB143B1A59A0DA0089ECA4 /* Build configuration list for PBXProject "Matchismo" */ = {
			isa = XCConfigurationList;
			buildConfigurations = (
				23DB145D1A59A0DA0089ECA4 /* Debug */,
				23DB145E1A59A0DA0089ECA4 /* Release */,
			);
			defaultConfigurationIsVisible = 0;
			defaultConfigurationName = Release;
		};
		23DB145F1A59A0DA0089ECA4 /* Build configuration list for PBXNativeTarget "Matchismo" */ = {
			isa = XCConfigurationList;
			buildConfigurations = (
				23DB14601A59A0DA0089ECA4 /* Debug */,
				23DB14611A59A0DA0089ECA4 /* Release */,
			);
			defaultConfigurationIsVisible = 0;
			defaultConfigurationName = Release;
		};
		23DB14621A59A0DA0089ECA4 /* Build configuration list for PBXNativeTarget "MatchismoTests" */ = {
			isa = XCConfigurationList;
			buildConfigurations = (
				23DB14631A59A0DA0089ECA4 /* Debug */,
				23DB14641A59A0DA0089ECA4 /* Release */,
			);
			defaultConfigurationIsVisible = 0;
			defaultConfigurationName = Release;
		};
/* End XCConfigurationList section */
	};
	rootObject = 23DB14381A59A0DA0089ECA4 /* Project object */;
}
